// !$*UTF8*$!
{
	archiveVersion = 1;
	classes = {
	};
	objectVersion = 50;
	objects = {

/* Begin PBXBuildFile section */
		460B36582287BA6400FD7965 /* MillenialsDelegate.swift in Sources */ = {isa = PBXBuildFile; fileRef = 460B36572287BA6400FD7965 /* MillenialsDelegate.swift */; };
		460DEDC622A03B9C0011E248 /* Alert.swift in Sources */ = {isa = PBXBuildFile; fileRef = 460DEDC522A03B9C0011E248 /* Alert.swift */; };
		460DEDC822A03BBC0011E248 /* ActionSheet.swift in Sources */ = {isa = PBXBuildFile; fileRef = 460DEDC722A03BBC0011E248 /* ActionSheet.swift */; };
		4615D3382295936200548EE2 /* OpenSegue.swift in Sources */ = {isa = PBXBuildFile; fileRef = 4615D3372295936200548EE2 /* OpenSegue.swift */; };
		4619934A22A462F600B73136 /* correct.mp3 in Resources */ = {isa = PBXBuildFile; fileRef = 4619934922A462F600B73136 /* correct.mp3 */; };
		4619934C22A462FB00B73136 /* wrong.mp3 in Resources */ = {isa = PBXBuildFile; fileRef = 4619934B22A462FB00B73136 /* wrong.mp3 */; };
		4619935222A46D4100B73136 /* NotificationProtocol.swift in Sources */ = {isa = PBXBuildFile; fileRef = 4619935122A46D4100B73136 /* NotificationProtocol.swift */; };
		4630195B238C5999009971D6 /* Localizable.strings in Resources */ = {isa = PBXBuildFile; fileRef = 4630195D238C5999009971D6 /* Localizable.strings */; };
		46301965238C6276009971D6 /* InfoPlist.strings in Resources */ = {isa = PBXBuildFile; fileRef = 46301967238C6276009971D6 /* InfoPlist.strings */; };
		463BBD0D239FDDB1005F5934 /* Assets.xcassets in Resources */ = {isa = PBXBuildFile; fileRef = 463BBD0C239FDDB1005F5934 /* Assets.xcassets */; };
		463BBD11239FDDF9005F5934 /* LaunchScreen.storyboard in Resources */ = {isa = PBXBuildFile; fileRef = 463BBD10239FDDF8005F5934 /* LaunchScreen.storyboard */; };
		463BBD17239FDEB1005F5934 /* Main.storyboard in Resources */ = {isa = PBXBuildFile; fileRef = 463BBD16239FDEB1005F5934 /* Main.storyboard */; };
		463BBD1A239FDFFB005F5934 /* AddedPointsView.swift in Sources */ = {isa = PBXBuildFile; fileRef = 463BBD19239FDFFB005F5934 /* AddedPointsView.swift */; };
		463BBD1E239FE009005F5934 /* QuestionReportCell.swift in Sources */ = {isa = PBXBuildFile; fileRef = 463BBD1B239FE008005F5934 /* QuestionReportCell.swift */; };
		463BBD1F239FE009005F5934 /* PlayerSetupView.swift in Sources */ = {isa = PBXBuildFile; fileRef = 463BBD1C239FE008005F5934 /* PlayerSetupView.swift */; };
		463BBD20239FE009005F5934 /* FlatTextField.swift in Sources */ = {isa = PBXBuildFile; fileRef = 463BBD1D239FE009005F5934 /* FlatTextField.swift */; };
		463BBD22239FE015005F5934 /* BarTimer.swift in Sources */ = {isa = PBXBuildFile; fileRef = 463BBD21239FE015005F5934 /* BarTimer.swift */; };
		463BBD2F239FE052005F5934 /* UIButton.swift in Sources */ = {isa = PBXBuildFile; fileRef = 463BBD23239FE052005F5934 /* UIButton.swift */; };
		463BBD30239FE052005F5934 /* UINavigationBar.swift in Sources */ = {isa = PBXBuildFile; fileRef = 463BBD24239FE052005F5934 /* UINavigationBar.swift */; };
		463BBD31239FE052005F5934 /* UIImage.swift in Sources */ = {isa = PBXBuildFile; fileRef = 463BBD25239FE052005F5934 /* UIImage.swift */; };
		463BBD32239FE052005F5934 /* UIBarButtonItem.swift in Sources */ = {isa = PBXBuildFile; fileRef = 463BBD26239FE052005F5934 /* UIBarButtonItem.swift */; };
		463BBD33239FE052005F5934 /* UIFont.swift in Sources */ = {isa = PBXBuildFile; fileRef = 463BBD27239FE052005F5934 /* UIFont.swift */; };
		463BBD34239FE052005F5934 /* UIViewController.swift in Sources */ = {isa = PBXBuildFile; fileRef = 463BBD28239FE052005F5934 /* UIViewController.swift */; };
		463BBD35239FE052005F5934 /* UIView.swift in Sources */ = {isa = PBXBuildFile; fileRef = 463BBD29239FE052005F5934 /* UIView.swift */; };
		463BBD36239FE052005F5934 /* Int.swift in Sources */ = {isa = PBXBuildFile; fileRef = 463BBD2A239FE052005F5934 /* Int.swift */; };
		463BBD37239FE052005F5934 /* Notification.swift in Sources */ = {isa = PBXBuildFile; fileRef = 463BBD2B239FE052005F5934 /* Notification.swift */; };
		463BBD38239FE052005F5934 /* Array.swift in Sources */ = {isa = PBXBuildFile; fileRef = 463BBD2C239FE052005F5934 /* Array.swift */; };
		463BBD39239FE052005F5934 /* UIImageView.swift in Sources */ = {isa = PBXBuildFile; fileRef = 463BBD2D239FE052005F5934 /* UIImageView.swift */; };
		463BBD3A239FE052005F5934 /* UIColor.swift in Sources */ = {isa = PBXBuildFile; fileRef = 463BBD2E239FE052005F5934 /* UIColor.swift */; };
		463BBD3F239FE0B0005F5934 /* Millenials.swift in Sources */ = {isa = PBXBuildFile; fileRef = 463BBD3B239FE0B0005F5934 /* Millenials.swift */; };
		463BBD40239FE0B0005F5934 /* QuestionData.swift in Sources */ = {isa = PBXBuildFile; fileRef = 463BBD3C239FE0B0005F5934 /* QuestionData.swift */; };
		463BBD41239FE0B0005F5934 /* Question.swift in Sources */ = {isa = PBXBuildFile; fileRef = 463BBD3D239FE0B0005F5934 /* Question.swift */; };
		463BBD42239FE0B0005F5934 /* Player.swift in Sources */ = {isa = PBXBuildFile; fileRef = 463BBD3E239FE0B0005F5934 /* Player.swift */; };
		463BBD45239FE0BF005F5934 /* DeviceType.swift in Sources */ = {isa = PBXBuildFile; fileRef = 463BBD43239FE0BF005F5934 /* DeviceType.swift */; };
		463BBD46239FE0BF005F5934 /* DisplayTheme.swift in Sources */ = {isa = PBXBuildFile; fileRef = 463BBD44239FE0BF005F5934 /* DisplayTheme.swift */; };
		463BBD4A239FE0D0005F5934 /* HapticFeedback.swift in Sources */ = {isa = PBXBuildFile; fileRef = 463BBD47239FE0D0005F5934 /* HapticFeedback.swift */; };
		463BBD4B239FE0D0005F5934 /* Name.swift in Sources */ = {isa = PBXBuildFile; fileRef = 463BBD48239FE0D0005F5934 /* Name.swift */; };
		463BBD4C239FE0D0005F5934 /* MillenialsTester.swift in Sources */ = {isa = PBXBuildFile; fileRef = 463BBD49239FE0D0005F5934 /* MillenialsTester.swift */; };
		463BBD4E239FE0D5005F5934 /* ProfilePicture.swift in Sources */ = {isa = PBXBuildFile; fileRef = 463BBD4D239FE0D5005F5934 /* ProfilePicture.swift */; };
		463BBD51239FE137005F5934 /* PlayerView.swift in Sources */ = {isa = PBXBuildFile; fileRef = 463BBD4F239FE136005F5934 /* PlayerView.swift */; };
		463BBD52239FE137005F5934 /* PlayerStatsView.swift in Sources */ = {isa = PBXBuildFile; fileRef = 463BBD50239FE136005F5934 /* PlayerStatsView.swift */; };
		463BBD54239FE141005F5934 /* AudioFeedback.swift in Sources */ = {isa = PBXBuildFile; fileRef = 463BBD53239FE141005F5934 /* AudioFeedback.swift */; };
		463BBD56239FE151005F5934 /* UIStoryboardSegue.swift in Sources */ = {isa = PBXBuildFile; fileRef = 463BBD55239FE151005F5934 /* UIStoryboardSegue.swift */; };
		463BBD58239FE19E005F5934 /* MillenialsResults.swift in Sources */ = {isa = PBXBuildFile; fileRef = 463BBD57239FE19E005F5934 /* MillenialsResults.swift */; };
		463BBD61239FE1D7005F5934 /* NavigationVC.swift in Sources */ = {isa = PBXBuildFile; fileRef = 463BBD59239FE1D7005F5934 /* NavigationVC.swift */; };
		463BBD62239FE1D7005F5934 /* AnsweredQuestionPreviewVC.swift in Sources */ = {isa = PBXBuildFile; fileRef = 463BBD5A239FE1D7005F5934 /* AnsweredQuestionPreviewVC.swift */; };
		463BBD63239FE1D7005F5934 /* PlayerRoundReportVC.swift in Sources */ = {isa = PBXBuildFile; fileRef = 463BBD5B239FE1D7005F5934 /* PlayerRoundReportVC.swift */; };
		463BBD64239FE1D7005F5934 /* IntroVC.swift in Sources */ = {isa = PBXBuildFile; fileRef = 463BBD5C239FE1D7005F5934 /* IntroVC.swift */; };
		463BBD65239FE1D7005F5934 /* PlayersVC.swift in Sources */ = {isa = PBXBuildFile; fileRef = 463BBD5D239FE1D7005F5934 /* PlayersVC.swift */; };
		463BBD66239FE1D7005F5934 /* PlayerChangeVC.swift in Sources */ = {isa = PBXBuildFile; fileRef = 463BBD5E239FE1D7005F5934 /* PlayerChangeVC.swift */; };
		463BBD67239FE1D7005F5934 /* QuestionVC.swift in Sources */ = {isa = PBXBuildFile; fileRef = 463BBD5F239FE1D7005F5934 /* QuestionVC.swift */; };
		463BBD68239FE1D7005F5934 /* ConclusionVC.swift in Sources */ = {isa = PBXBuildFile; fileRef = 463BBD60239FE1D7005F5934 /* ConclusionVC.swift */; };
		463BBD6A239FE276005F5934 /* NSLocalizedString.swift in Sources */ = {isa = PBXBuildFile; fileRef = 463BBD69239FE276005F5934 /* NSLocalizedString.swift */; };
		467C01A82886F7DC00D38F7B /* DefaultQuestions.json in Resources */ = {isa = PBXBuildFile; fileRef = 467C01A72886F7DC00D38F7B /* DefaultQuestions.json */; };
		468619D6229709930077CE70 /* ExtraBold.ttf in Resources */ = {isa = PBXBuildFile; fileRef = 468619D1229708430077CE70 /* ExtraBold.ttf */; };
		468619D7229709930077CE70 /* Bold.ttf in Resources */ = {isa = PBXBuildFile; fileRef = 468619CE229708430077CE70 /* Bold.ttf */; };
		468619D8229709930077CE70 /* SemiBold.ttf in Resources */ = {isa = PBXBuildFile; fileRef = 468619CD229708420077CE70 /* SemiBold.ttf */; };
		468619D9229709930077CE70 /* Heavy.ttf in Resources */ = {isa = PBXBuildFile; fileRef = 468619D2229708430077CE70 /* Heavy.ttf */; };
		468619DA229709930077CE70 /* Medium.ttf in Resources */ = {isa = PBXBuildFile; fileRef = 468619D0229708430077CE70 /* Medium.ttf */; };
		468619DB229709930077CE70 /* Regular.ttf in Resources */ = {isa = PBXBuildFile; fileRef = 468619D4229708430077CE70 /* Regular.ttf */; };
		468619DC229709930077CE70 /* Light.ttf in Resources */ = {isa = PBXBuildFile; fileRef = 468619CF229708430077CE70 /* Light.ttf */; };
		468619DD229709930077CE70 /* ExtraLight.ttf in Resources */ = {isa = PBXBuildFile; fileRef = 468619D3229708430077CE70 /* ExtraLight.ttf */; };
		468619DE229709930077CE70 /* Thin.ttf in Resources */ = {isa = PBXBuildFile; fileRef = 468619D5229708430077CE70 /* Thin.ttf */; };
		468822CA22A3FCFE00E971CB /* WinnerView.swift in Sources */ = {isa = PBXBuildFile; fileRef = 468822C922A3FCFE00E971CB /* WinnerView.swift */; };
		468C20112434924A00C11805 /* WatchHandler.swift in Sources */ = {isa = PBXBuildFile; fileRef = 468C20102434924A00C11805 /* WatchHandler.swift */; };
		46905E87229AD363006D0E0C /* PlayerSegue.swift in Sources */ = {isa = PBXBuildFile; fileRef = 46905E86229AD363006D0E0C /* PlayerSegue.swift */; };
		46965997239C4C7D003F38FD /* OrientationManager.swift in Sources */ = {isa = PBXBuildFile; fileRef = 46965996239C4C7D003F38FD /* OrientationManager.swift */; };
		46A5F9EE288700100024D082 /* GameConfigs.swift in Sources */ = {isa = PBXBuildFile; fileRef = 46A5F9ED288700100024D082 /* GameConfigs.swift */; };
		46A5F9F22887019A0024D082 /* AppConfigs.swift in Sources */ = {isa = PBXBuildFile; fileRef = 46A5F9F12887019A0024D082 /* AppConfigs.swift */; };
		46A5F9F4288708070024D082 /* DefaultConfig.json in Resources */ = {isa = PBXBuildFile; fileRef = 46A5F9F3288708070024D082 /* DefaultConfig.json */; };
		46B09A34288880DD00B1D45E /* IntroView.swift in Sources */ = {isa = PBXBuildFile; fileRef = 46B09A33288880DD00B1D45E /* IntroView.swift */; };
		46B09A36288881B800B1D45E /* IntroFactory.swift in Sources */ = {isa = PBXBuildFile; fileRef = 46B09A35288881B800B1D45E /* IntroFactory.swift */; };
		46B09A382888821100B1D45E /* IntroInteractor.swift in Sources */ = {isa = PBXBuildFile; fileRef = 46B09A372888821100B1D45E /* IntroInteractor.swift */; };
		46B09A3A2888828D00B1D45E /* IntroViewController.swift in Sources */ = {isa = PBXBuildFile; fileRef = 46B09A392888828D00B1D45E /* IntroViewController.swift */; };
		46B09A3C288883B800B1D45E /* IntroPresenter.swift in Sources */ = {isa = PBXBuildFile; fileRef = 46B09A3B288883B800B1D45E /* IntroPresenter.swift */; };
		46B09A3E288896E200B1D45E /* IntroViewTokens.swift in Sources */ = {isa = PBXBuildFile; fileRef = 46B09A3D288896E200B1D45E /* IntroViewTokens.swift */; };
		46BEAEA82886DEFF00305798 /* AnsweredQuestion.swift in Sources */ = {isa = PBXBuildFile; fileRef = 46BEAEA72886DEFF00305798 /* AnsweredQuestion.swift */; };
		46C25B11239C377400CEB580 /* AboutMeVC.swift in Sources */ = {isa = PBXBuildFile; fileRef = 46C25B10239C377400CEB580 /* AboutMeVC.swift */; };
		46D7381C288849EF0035BF08 /* PlayerStatsViewStyle.swift in Sources */ = {isa = PBXBuildFile; fileRef = 46D7381B288849EF0035BF08 /* PlayerStatsViewStyle.swift */; };
		46D7381E28885AF40035BF08 /* PlayerStatsAccessoryView.swift in Sources */ = {isa = PBXBuildFile; fileRef = 46D7381D28885AF40035BF08 /* PlayerStatsAccessoryView.swift */; };
		46DAA35A23C8897D005319D9 /* OpenAnimator.swift in Sources */ = {isa = PBXBuildFile; fileRef = 46DAA35923C8897D005319D9 /* OpenAnimator.swift */; };
		46DE37D122A57D6900914493 /* TieView.swift in Sources */ = {isa = PBXBuildFile; fileRef = 46DE37D022A57D6900914493 /* TieView.swift */; };
		46DE37D322A5846700914493 /* noAnswer.mp3 in Resources */ = {isa = PBXBuildFile; fileRef = 46DE37D222A5846600914493 /* noAnswer.mp3 */; };
		46E3FF59229986160044A7EB /* LastQuestionSegue.swift in Sources */ = {isa = PBXBuildFile; fileRef = 46E3FF58229986160044A7EB /* LastQuestionSegue.swift */; };
		46FC5C6628899F4900275539 /* Watcher.swift in Sources */ = {isa = PBXBuildFile; fileRef = 46FC5C6528899F4900275539 /* Watcher.swift */; };
		46FC5C6E2889FD7200275539 /* GameSceneCoordinator.swift in Sources */ = {isa = PBXBuildFile; fileRef = 46FC5C6D2889FD7200275539 /* GameSceneCoordinator.swift */; };
		46FD19212378AE7C00AE848B /* QuestionSegue.swift in Sources */ = {isa = PBXBuildFile; fileRef = 46FD19202378AE7B00AE848B /* QuestionSegue.swift */; };
/* End PBXBuildFile section */

/* Begin PBXCopyFilesBuildPhase section */
		463874102418491A0087B9F1 /* Embed Watch Content */ = {
			isa = PBXCopyFilesBuildPhase;
			buildActionMask = 2147483647;
			dstPath = "$(CONTENTS_FOLDER_PATH)/Watch";
			dstSubfolderSpec = 16;
			files = (
			);
			name = "Embed Watch Content";
			runOnlyForDeploymentPostprocessing = 0;
		};
/* End PBXCopyFilesBuildPhase section */

/* Begin PBXFileReference section */
		460B36572287BA6400FD7965 /* MillenialsDelegate.swift */ = {isa = PBXFileReference; fileEncoding = 4; lastKnownFileType = sourcecode.swift; path = MillenialsDelegate.swift; sourceTree = SOURCE_ROOT; };
		460DEDC522A03B9C0011E248 /* Alert.swift */ = {isa = PBXFileReference; lastKnownFileType = sourcecode.swift; path = Alert.swift; sourceTree = "<group>"; };
		460DEDC722A03BBC0011E248 /* ActionSheet.swift */ = {isa = PBXFileReference; lastKnownFileType = sourcecode.swift; path = ActionSheet.swift; sourceTree = "<group>"; };
		4615D3372295936200548EE2 /* OpenSegue.swift */ = {isa = PBXFileReference; lastKnownFileType = sourcecode.swift; path = OpenSegue.swift; sourceTree = "<group>"; };
		4619934922A462F600B73136 /* correct.mp3 */ = {isa = PBXFileReference; lastKnownFileType = audio.mp3; path = correct.mp3; sourceTree = "<group>"; };
		4619934B22A462FB00B73136 /* wrong.mp3 */ = {isa = PBXFileReference; lastKnownFileType = audio.mp3; path = wrong.mp3; sourceTree = "<group>"; };
		4619935122A46D4100B73136 /* NotificationProtocol.swift */ = {isa = PBXFileReference; lastKnownFileType = sourcecode.swift; path = NotificationProtocol.swift; sourceTree = "<group>"; };
		4630195C238C5999009971D6 /* pt-BR */ = {isa = PBXFileReference; lastKnownFileType = text.plist.strings; name = "pt-BR"; path = "pt-BR.lproj/Localizable.strings"; sourceTree = "<group>"; };
		46301960238C59B3009971D6 /* en */ = {isa = PBXFileReference; lastKnownFileType = text.plist.strings; name = en; path = en.lproj/Localizable.strings; sourceTree = "<group>"; };
		46301966238C6276009971D6 /* en */ = {isa = PBXFileReference; lastKnownFileType = text.plist.strings; name = en; path = en.lproj/InfoPlist.strings; sourceTree = "<group>"; };
		46301968238C6277009971D6 /* pt-BR */ = {isa = PBXFileReference; lastKnownFileType = text.plist.strings; name = "pt-BR"; path = "pt-BR.lproj/InfoPlist.strings"; sourceTree = "<group>"; };
		463BBD0C239FDDB1005F5934 /* Assets.xcassets */ = {isa = PBXFileReference; lastKnownFileType = folder.assetcatalog; path = Assets.xcassets; sourceTree = "<group>"; };
		463BBD0E239FDDDF005F5934 /* Info.plist */ = {isa = PBXFileReference; lastKnownFileType = text.plist; path = Info.plist; sourceTree = SOURCE_ROOT; };
		463BBD10239FDDF8005F5934 /* LaunchScreen.storyboard */ = {isa = PBXFileReference; fileEncoding = 4; lastKnownFileType = file.storyboard; name = LaunchScreen.storyboard; path = "Millenials/Support Files/LaunchScreen.storyboard"; sourceTree = SOURCE_ROOT; };
		463BBD16239FDEB1005F5934 /* Main.storyboard */ = {isa = PBXFileReference; fileEncoding = 4; lastKnownFileType = file.storyboard; path = Main.storyboard; sourceTree = "<group>"; };
		463BBD19239FDFFB005F5934 /* AddedPointsView.swift */ = {isa = PBXFileReference; fileEncoding = 4; lastKnownFileType = sourcecode.swift; path = AddedPointsView.swift; sourceTree = "<group>"; };
		463BBD1B239FE008005F5934 /* QuestionReportCell.swift */ = {isa = PBXFileReference; fileEncoding = 4; lastKnownFileType = sourcecode.swift; path = QuestionReportCell.swift; sourceTree = "<group>"; };
		463BBD1C239FE008005F5934 /* PlayerSetupView.swift */ = {isa = PBXFileReference; fileEncoding = 4; lastKnownFileType = sourcecode.swift; path = PlayerSetupView.swift; sourceTree = "<group>"; };
		463BBD1D239FE009005F5934 /* FlatTextField.swift */ = {isa = PBXFileReference; fileEncoding = 4; lastKnownFileType = sourcecode.swift; path = FlatTextField.swift; sourceTree = "<group>"; };
		463BBD21239FE015005F5934 /* BarTimer.swift */ = {isa = PBXFileReference; fileEncoding = 4; lastKnownFileType = sourcecode.swift; name = BarTimer.swift; path = "Millenials/Custom Views/BarTimer.swift"; sourceTree = SOURCE_ROOT; };
		463BBD23239FE052005F5934 /* UIButton.swift */ = {isa = PBXFileReference; fileEncoding = 4; lastKnownFileType = sourcecode.swift; path = UIButton.swift; sourceTree = "<group>"; };
		463BBD24239FE052005F5934 /* UINavigationBar.swift */ = {isa = PBXFileReference; fileEncoding = 4; lastKnownFileType = sourcecode.swift; path = UINavigationBar.swift; sourceTree = "<group>"; };
		463BBD25239FE052005F5934 /* UIImage.swift */ = {isa = PBXFileReference; fileEncoding = 4; lastKnownFileType = sourcecode.swift; path = UIImage.swift; sourceTree = "<group>"; };
		463BBD26239FE052005F5934 /* UIBarButtonItem.swift */ = {isa = PBXFileReference; fileEncoding = 4; lastKnownFileType = sourcecode.swift; path = UIBarButtonItem.swift; sourceTree = "<group>"; };
		463BBD27239FE052005F5934 /* UIFont.swift */ = {isa = PBXFileReference; fileEncoding = 4; lastKnownFileType = sourcecode.swift; path = UIFont.swift; sourceTree = "<group>"; };
		463BBD28239FE052005F5934 /* UIViewController.swift */ = {isa = PBXFileReference; fileEncoding = 4; lastKnownFileType = sourcecode.swift; path = UIViewController.swift; sourceTree = "<group>"; };
		463BBD29239FE052005F5934 /* UIView.swift */ = {isa = PBXFileReference; fileEncoding = 4; lastKnownFileType = sourcecode.swift; path = UIView.swift; sourceTree = "<group>"; };
		463BBD2A239FE052005F5934 /* Int.swift */ = {isa = PBXFileReference; fileEncoding = 4; lastKnownFileType = sourcecode.swift; path = Int.swift; sourceTree = "<group>"; };
		463BBD2B239FE052005F5934 /* Notification.swift */ = {isa = PBXFileReference; fileEncoding = 4; lastKnownFileType = sourcecode.swift; path = Notification.swift; sourceTree = "<group>"; };
		463BBD2C239FE052005F5934 /* Array.swift */ = {isa = PBXFileReference; fileEncoding = 4; lastKnownFileType = sourcecode.swift; path = Array.swift; sourceTree = "<group>"; };
		463BBD2D239FE052005F5934 /* UIImageView.swift */ = {isa = PBXFileReference; fileEncoding = 4; lastKnownFileType = sourcecode.swift; path = UIImageView.swift; sourceTree = "<group>"; };
		463BBD2E239FE052005F5934 /* UIColor.swift */ = {isa = PBXFileReference; fileEncoding = 4; lastKnownFileType = sourcecode.swift; path = UIColor.swift; sourceTree = "<group>"; };
		463BBD3B239FE0B0005F5934 /* Millenials.swift */ = {isa = PBXFileReference; fileEncoding = 4; lastKnownFileType = sourcecode.swift; path = Millenials.swift; sourceTree = "<group>"; };
		463BBD3C239FE0B0005F5934 /* QuestionData.swift */ = {isa = PBXFileReference; fileEncoding = 4; lastKnownFileType = sourcecode.swift; path = QuestionData.swift; sourceTree = "<group>"; };
		463BBD3D239FE0B0005F5934 /* Question.swift */ = {isa = PBXFileReference; fileEncoding = 4; lastKnownFileType = sourcecode.swift; path = Question.swift; sourceTree = "<group>"; };
		463BBD3E239FE0B0005F5934 /* Player.swift */ = {isa = PBXFileReference; fileEncoding = 4; lastKnownFileType = sourcecode.swift; path = Player.swift; sourceTree = "<group>"; };
		463BBD43239FE0BF005F5934 /* DeviceType.swift */ = {isa = PBXFileReference; fileEncoding = 4; lastKnownFileType = sourcecode.swift; path = DeviceType.swift; sourceTree = "<group>"; };
		463BBD44239FE0BF005F5934 /* DisplayTheme.swift */ = {isa = PBXFileReference; fileEncoding = 4; lastKnownFileType = sourcecode.swift; path = DisplayTheme.swift; sourceTree = "<group>"; };
		463BBD47239FE0D0005F5934 /* HapticFeedback.swift */ = {isa = PBXFileReference; fileEncoding = 4; lastKnownFileType = sourcecode.swift; path = HapticFeedback.swift; sourceTree = "<group>"; };
		463BBD48239FE0D0005F5934 /* Name.swift */ = {isa = PBXFileReference; fileEncoding = 4; lastKnownFileType = sourcecode.swift; path = Name.swift; sourceTree = "<group>"; };
		463BBD49239FE0D0005F5934 /* MillenialsTester.swift */ = {isa = PBXFileReference; fileEncoding = 4; lastKnownFileType = sourcecode.swift; path = MillenialsTester.swift; sourceTree = "<group>"; };
		463BBD4D239FE0D5005F5934 /* ProfilePicture.swift */ = {isa = PBXFileReference; fileEncoding = 4; lastKnownFileType = sourcecode.swift; path = ProfilePicture.swift; sourceTree = "<group>"; };
		463BBD4F239FE136005F5934 /* PlayerView.swift */ = {isa = PBXFileReference; fileEncoding = 4; lastKnownFileType = sourcecode.swift; path = PlayerView.swift; sourceTree = "<group>"; };
		463BBD50239FE136005F5934 /* PlayerStatsView.swift */ = {isa = PBXFileReference; fileEncoding = 4; lastKnownFileType = sourcecode.swift; path = PlayerStatsView.swift; sourceTree = "<group>"; };
		463BBD53239FE141005F5934 /* AudioFeedback.swift */ = {isa = PBXFileReference; fileEncoding = 4; lastKnownFileType = sourcecode.swift; path = AudioFeedback.swift; sourceTree = "<group>"; };
		463BBD55239FE151005F5934 /* UIStoryboardSegue.swift */ = {isa = PBXFileReference; fileEncoding = 4; lastKnownFileType = sourcecode.swift; path = UIStoryboardSegue.swift; sourceTree = "<group>"; };
		463BBD57239FE19E005F5934 /* MillenialsResults.swift */ = {isa = PBXFileReference; fileEncoding = 4; lastKnownFileType = sourcecode.swift; path = MillenialsResults.swift; sourceTree = "<group>"; };
		463BBD59239FE1D7005F5934 /* NavigationVC.swift */ = {isa = PBXFileReference; fileEncoding = 4; lastKnownFileType = sourcecode.swift; path = NavigationVC.swift; sourceTree = "<group>"; };
		463BBD5A239FE1D7005F5934 /* AnsweredQuestionPreviewVC.swift */ = {isa = PBXFileReference; fileEncoding = 4; lastKnownFileType = sourcecode.swift; path = AnsweredQuestionPreviewVC.swift; sourceTree = "<group>"; };
		463BBD5B239FE1D7005F5934 /* PlayerRoundReportVC.swift */ = {isa = PBXFileReference; fileEncoding = 4; lastKnownFileType = sourcecode.swift; path = PlayerRoundReportVC.swift; sourceTree = "<group>"; };
		463BBD5C239FE1D7005F5934 /* IntroVC.swift */ = {isa = PBXFileReference; fileEncoding = 4; lastKnownFileType = sourcecode.swift; path = IntroVC.swift; sourceTree = "<group>"; };
		463BBD5D239FE1D7005F5934 /* PlayersVC.swift */ = {isa = PBXFileReference; fileEncoding = 4; lastKnownFileType = sourcecode.swift; path = PlayersVC.swift; sourceTree = "<group>"; };
		463BBD5E239FE1D7005F5934 /* PlayerChangeVC.swift */ = {isa = PBXFileReference; fileEncoding = 4; lastKnownFileType = sourcecode.swift; path = PlayerChangeVC.swift; sourceTree = "<group>"; };
		463BBD5F239FE1D7005F5934 /* QuestionVC.swift */ = {isa = PBXFileReference; fileEncoding = 4; lastKnownFileType = sourcecode.swift; path = QuestionVC.swift; sourceTree = "<group>"; };
		463BBD60239FE1D7005F5934 /* ConclusionVC.swift */ = {isa = PBXFileReference; fileEncoding = 4; lastKnownFileType = sourcecode.swift; path = ConclusionVC.swift; sourceTree = "<group>"; };
		463BBD69239FE276005F5934 /* NSLocalizedString.swift */ = {isa = PBXFileReference; fileEncoding = 4; lastKnownFileType = sourcecode.swift; path = NSLocalizedString.swift; sourceTree = "<group>"; };
		467C01A72886F7DC00D38F7B /* DefaultQuestions.json */ = {isa = PBXFileReference; fileEncoding = 4; lastKnownFileType = text.json; path = DefaultQuestions.json; sourceTree = "<group>"; };
		468619CD229708420077CE70 /* SemiBold.ttf */ = {isa = PBXFileReference; lastKnownFileType = file; path = SemiBold.ttf; sourceTree = "<group>"; };
		468619CE229708430077CE70 /* Bold.ttf */ = {isa = PBXFileReference; lastKnownFileType = file; path = Bold.ttf; sourceTree = "<group>"; };
		468619CF229708430077CE70 /* Light.ttf */ = {isa = PBXFileReference; lastKnownFileType = file; path = Light.ttf; sourceTree = "<group>"; };
		468619D0229708430077CE70 /* Medium.ttf */ = {isa = PBXFileReference; lastKnownFileType = file; path = Medium.ttf; sourceTree = "<group>"; };
		468619D1229708430077CE70 /* ExtraBold.ttf */ = {isa = PBXFileReference; lastKnownFileType = file; path = ExtraBold.ttf; sourceTree = "<group>"; };
		468619D2229708430077CE70 /* Heavy.ttf */ = {isa = PBXFileReference; lastKnownFileType = file; path = Heavy.ttf; sourceTree = "<group>"; };
		468619D3229708430077CE70 /* ExtraLight.ttf */ = {isa = PBXFileReference; lastKnownFileType = file; path = ExtraLight.ttf; sourceTree = "<group>"; };
		468619D4229708430077CE70 /* Regular.ttf */ = {isa = PBXFileReference; lastKnownFileType = file; path = Regular.ttf; sourceTree = "<group>"; };
		468619D5229708430077CE70 /* Thin.ttf */ = {isa = PBXFileReference; lastKnownFileType = file; path = Thin.ttf; sourceTree = "<group>"; };
		468822C922A3FCFE00E971CB /* WinnerView.swift */ = {isa = PBXFileReference; lastKnownFileType = sourcecode.swift; name = WinnerView.swift; path = "Millenials/Custom Views/End Game Views/WinnerView.swift"; sourceTree = SOURCE_ROOT; };
		468C20102434924A00C11805 /* WatchHandler.swift */ = {isa = PBXFileReference; lastKnownFileType = sourcecode.swift; path = WatchHandler.swift; sourceTree = "<group>"; };
		46905E86229AD363006D0E0C /* PlayerSegue.swift */ = {isa = PBXFileReference; lastKnownFileType = sourcecode.swift; path = PlayerSegue.swift; sourceTree = "<group>"; };
		46965996239C4C7D003F38FD /* OrientationManager.swift */ = {isa = PBXFileReference; lastKnownFileType = sourcecode.swift; path = OrientationManager.swift; sourceTree = "<group>"; };
		46A5F9ED288700100024D082 /* GameConfigs.swift */ = {isa = PBXFileReference; lastKnownFileType = sourcecode.swift; path = GameConfigs.swift; sourceTree = "<group>"; };
		46A5F9F12887019A0024D082 /* AppConfigs.swift */ = {isa = PBXFileReference; lastKnownFileType = sourcecode.swift; path = AppConfigs.swift; sourceTree = "<group>"; };
		46A5F9F3288708070024D082 /* DefaultConfig.json */ = {isa = PBXFileReference; fileEncoding = 4; lastKnownFileType = text.json; path = DefaultConfig.json; sourceTree = "<group>"; };
		46B09A33288880DD00B1D45E /* IntroView.swift */ = {isa = PBXFileReference; lastKnownFileType = sourcecode.swift; path = IntroView.swift; sourceTree = "<group>"; };
		46B09A35288881B800B1D45E /* IntroFactory.swift */ = {isa = PBXFileReference; lastKnownFileType = sourcecode.swift; path = IntroFactory.swift; sourceTree = "<group>"; };
		46B09A372888821100B1D45E /* IntroInteractor.swift */ = {isa = PBXFileReference; lastKnownFileType = sourcecode.swift; path = IntroInteractor.swift; sourceTree = "<group>"; };
		46B09A392888828D00B1D45E /* IntroViewController.swift */ = {isa = PBXFileReference; lastKnownFileType = sourcecode.swift; path = IntroViewController.swift; sourceTree = "<group>"; };
		46B09A3B288883B800B1D45E /* IntroPresenter.swift */ = {isa = PBXFileReference; lastKnownFileType = sourcecode.swift; path = IntroPresenter.swift; sourceTree = "<group>"; };
		46B09A3D288896E200B1D45E /* IntroViewTokens.swift */ = {isa = PBXFileReference; lastKnownFileType = sourcecode.swift; path = IntroViewTokens.swift; sourceTree = "<group>"; };
		46BC7F2A224A80E000288AC9 /* Millenials.app */ = {isa = PBXFileReference; explicitFileType = wrapper.application; includeInIndex = 0; path = Millenials.app; sourceTree = BUILT_PRODUCTS_DIR; };
		46BEAEA72886DEFF00305798 /* AnsweredQuestion.swift */ = {isa = PBXFileReference; lastKnownFileType = sourcecode.swift; path = AnsweredQuestion.swift; sourceTree = "<group>"; };
		46C1A37222A5F92700CBE40B /* Python3.framework */ = {isa = PBXFileReference; lastKnownFileType = wrapper.framework; name = Python3.framework; path = Library/Frameworks/Python3.framework; sourceTree = DEVELOPER_DIR; };
		46C25B10239C377400CEB580 /* AboutMeVC.swift */ = {isa = PBXFileReference; lastKnownFileType = sourcecode.swift; path = AboutMeVC.swift; sourceTree = "<group>"; };
		46C4A2FB238D0B8100AEBF14 /* pt-PT */ = {isa = PBXFileReference; lastKnownFileType = text.plist.strings; name = "pt-PT"; path = "pt-PT.lproj/Localizable.strings"; sourceTree = "<group>"; };
		46C4A2FC238D0B8100AEBF14 /* pt-PT */ = {isa = PBXFileReference; lastKnownFileType = text.plist.strings; name = "pt-PT"; path = "pt-PT.lproj/InfoPlist.strings"; sourceTree = "<group>"; };
		46C4A2FF238D0B9D00AEBF14 /* en-GB */ = {isa = PBXFileReference; lastKnownFileType = text.plist.strings; name = "en-GB"; path = "en-GB.lproj/Localizable.strings"; sourceTree = "<group>"; };
		46C4A300238D0B9D00AEBF14 /* en-GB */ = {isa = PBXFileReference; lastKnownFileType = text.plist.strings; name = "en-GB"; path = "en-GB.lproj/InfoPlist.strings"; sourceTree = "<group>"; };
		46C4A303238D0BA200AEBF14 /* en-AU */ = {isa = PBXFileReference; lastKnownFileType = text.plist.strings; name = "en-AU"; path = "en-AU.lproj/Localizable.strings"; sourceTree = "<group>"; };
		46C4A304238D0BA200AEBF14 /* en-AU */ = {isa = PBXFileReference; lastKnownFileType = text.plist.strings; name = "en-AU"; path = "en-AU.lproj/InfoPlist.strings"; sourceTree = "<group>"; };
		46C4A307238D0BA700AEBF14 /* en-IN */ = {isa = PBXFileReference; lastKnownFileType = text.plist.strings; name = "en-IN"; path = "en-IN.lproj/Localizable.strings"; sourceTree = "<group>"; };
		46C4A308238D0BA700AEBF14 /* en-IN */ = {isa = PBXFileReference; lastKnownFileType = text.plist.strings; name = "en-IN"; path = "en-IN.lproj/InfoPlist.strings"; sourceTree = "<group>"; };
		46C4A30B238D0BCC00AEBF14 /* es */ = {isa = PBXFileReference; lastKnownFileType = text.plist.strings; name = es; path = es.lproj/Localizable.strings; sourceTree = "<group>"; };
		46C4A30C238D0BCD00AEBF14 /* es */ = {isa = PBXFileReference; lastKnownFileType = text.plist.strings; name = es; path = es.lproj/InfoPlist.strings; sourceTree = "<group>"; };
		46D2021D23E0A2CE00BB959F /* Millenials.entitlements */ = {isa = PBXFileReference; lastKnownFileType = text.plist.entitlements; name = Millenials.entitlements; path = Millenials/Millenials.entitlements; sourceTree = SOURCE_ROOT; };
		46D7381B288849EF0035BF08 /* PlayerStatsViewStyle.swift */ = {isa = PBXFileReference; lastKnownFileType = sourcecode.swift; path = PlayerStatsViewStyle.swift; sourceTree = "<group>"; };
		46D7381D28885AF40035BF08 /* PlayerStatsAccessoryView.swift */ = {isa = PBXFileReference; lastKnownFileType = sourcecode.swift; path = PlayerStatsAccessoryView.swift; sourceTree = "<group>"; };
		46DAA35923C8897D005319D9 /* OpenAnimator.swift */ = {isa = PBXFileReference; lastKnownFileType = sourcecode.swift; path = OpenAnimator.swift; sourceTree = "<group>"; };
		46DE37D022A57D6900914493 /* TieView.swift */ = {isa = PBXFileReference; lastKnownFileType = sourcecode.swift; path = TieView.swift; sourceTree = "<group>"; };
		46DE37D222A5846600914493 /* noAnswer.mp3 */ = {isa = PBXFileReference; lastKnownFileType = audio.mp3; path = noAnswer.mp3; sourceTree = "<group>"; };
		46E3FF58229986160044A7EB /* LastQuestionSegue.swift */ = {isa = PBXFileReference; lastKnownFileType = sourcecode.swift; path = LastQuestionSegue.swift; sourceTree = "<group>"; };
		46FC5C6528899F4900275539 /* Watcher.swift */ = {isa = PBXFileReference; lastKnownFileType = sourcecode.swift; path = Watcher.swift; sourceTree = "<group>"; };
		46FC5C6D2889FD7200275539 /* GameSceneCoordinator.swift */ = {isa = PBXFileReference; lastKnownFileType = sourcecode.swift; path = GameSceneCoordinator.swift; sourceTree = "<group>"; };
		46FD19202378AE7B00AE848B /* QuestionSegue.swift */ = {isa = PBXFileReference; fileEncoding = 4; lastKnownFileType = sourcecode.swift; path = QuestionSegue.swift; sourceTree = "<group>"; };
/* End PBXFileReference section */

/* Begin PBXFrameworksBuildPhase section */
		46BC7F27224A80E000288AC9 /* Frameworks */ = {
			isa = PBXFrameworksBuildPhase;
			buildActionMask = 2147483647;
			files = (
			);
			runOnlyForDeploymentPostprocessing = 0;
		};
/* End PBXFrameworksBuildPhase section */

/* Begin PBXGroup section */
		460B36732287BC0500FD7965 /* Game */ = {
			isa = PBXGroup;
			children = (
				46BEAEA62886DEB000305798 /* Question */,
				463BBD3B239FE0B0005F5934 /* Millenials.swift */,
				463BBD3E239FE0B0005F5934 /* Player.swift */,
				463BBD57239FE19E005F5934 /* MillenialsResults.swift */,
			);
			path = Game;
			sourceTree = "<group>";
		};
		4615D3362295933D00548EE2 /* Segues */ = {
			isa = PBXGroup;
			children = (
				4615D3372295936200548EE2 /* OpenSegue.swift */,
				46905E86229AD363006D0E0C /* PlayerSegue.swift */,
				46FD19202378AE7B00AE848B /* QuestionSegue.swift */,
				46E3FF58229986160044A7EB /* LastQuestionSegue.swift */,
			);
			path = Segues;
			sourceTree = "<group>";
		};
		4619934822A462EB00B73136 /* Sounds */ = {
			isa = PBXGroup;
			children = (
				4619934B22A462FB00B73136 /* wrong.mp3 */,
				46DE37D222A5846600914493 /* noAnswer.mp3 */,
				4619934922A462F600B73136 /* correct.mp3 */,
			);
			path = Sounds;
			sourceTree = "<group>";
		};
		4619934F22A46A7700B73136 /* Assets */ = {
			isa = PBXGroup;
			children = (
				46A5F9EF288700280024D082 /* Configs */,
				467C01A62886F7CD00D38F7B /* Questions */,
				463BBD0C239FDDB1005F5934 /* Assets.xcassets */,
				46BB9F24226E9074004274BD /* Fonts */,
				4619934822A462EB00B73136 /* Sounds */,
			);
			path = Assets;
			sourceTree = "<group>";
		};
		4619935022A46D2A00B73136 /* Alerts */ = {
			isa = PBXGroup;
			children = (
				460DEDC522A03B9C0011E248 /* Alert.swift */,
				460DEDC722A03BBC0011E248 /* ActionSheet.swift */,
				4619935122A46D4100B73136 /* NotificationProtocol.swift */,
			);
			path = Alerts;
			sourceTree = "<group>";
		};
		46301958238C5971009971D6 /* Localization */ = {
			isa = PBXGroup;
			children = (
				4630195D238C5999009971D6 /* Localizable.strings */,
				46301967238C6276009971D6 /* InfoPlist.strings */,
			);
			path = Localization;
			sourceTree = "<group>";
		};
		463BBD18239FDF1E005F5934 /* Support Files */ = {
			isa = PBXGroup;
			children = (
				463BBD0E239FDDDF005F5934 /* Info.plist */,
				46D2021D23E0A2CE00BB959F /* Millenials.entitlements */,
				463BBD10239FDDF8005F5934 /* LaunchScreen.storyboard */,
				463BBD16239FDEB1005F5934 /* Main.storyboard */,
			);
			path = "Support Files";
			sourceTree = "<group>";
		};
		46414679224D585D00E0B0B0 /* Objects */ = {
			isa = PBXGroup;
			children = (
				46A5F9F02887018D0024D082 /* Configs */,
				46E70BCA237AE263000E6900 /* Debug */,
				460B36732287BC0500FD7965 /* Game */,
				463BBD53239FE141005F5934 /* AudioFeedback.swift */,
				46965996239C4C7D003F38FD /* OrientationManager.swift */,
				463BBD43239FE0BF005F5934 /* DeviceType.swift */,
				463BBD44239FE0BF005F5934 /* DisplayTheme.swift */,
				463BBD47239FE0D0005F5934 /* HapticFeedback.swift */,
				463BBD49239FE0D0005F5934 /* MillenialsTester.swift */,
				463BBD48239FE0D0005F5934 /* Name.swift */,
				463BBD4D239FE0D5005F5934 /* ProfilePicture.swift */,
				468C20102434924A00C11805 /* WatchHandler.swift */,
				46FC5C6528899F4900275539 /* Watcher.swift */,
			);
			path = Objects;
			sourceTree = "<group>";
		};
		466B5B5F2263ADCE009D21C8 /* Custom Views */ = {
			isa = PBXGroup;
			children = (
				46D7381A288849D30035BF08 /* PlayerStatsView */,
				46DE37CF22A57D5C00914493 /* End Game Views */,
				4619935022A46D2A00B73136 /* Alerts */,
				463BBD1D239FE009005F5934 /* FlatTextField.swift */,
				463BBD21239FE015005F5934 /* BarTimer.swift */,
				463BBD1C239FE008005F5934 /* PlayerSetupView.swift */,
				463BBD1B239FE008005F5934 /* QuestionReportCell.swift */,
				463BBD19239FDFFB005F5934 /* AddedPointsView.swift */,
				463BBD4F239FE136005F5934 /* PlayerView.swift */,
			);
			path = "Custom Views";
			sourceTree = "<group>";
		};
		467C01A62886F7CD00D38F7B /* Questions */ = {
			isa = PBXGroup;
			children = (
				467C01A72886F7DC00D38F7B /* DefaultQuestions.json */,
			);
			path = Questions;
			sourceTree = "<group>";
		};
		467E7193288A1FEC00DAFD2E /* Conclusion */ = {
			isa = PBXGroup;
			children = (
				463BBD60239FE1D7005F5934 /* ConclusionVC.swift */,
			);
			path = Conclusion;
			sourceTree = "<group>";
		};
		468C27CF225684D000898202 /* Scenes */ = {
			isa = PBXGroup;
			children = (
				46B09A322888806E00B1D45E /* Intro */,
				46FC5C672889FCBA00275539 /* PlayersSetup */,
				46FC5C6A2889FD1600275539 /* Game */,
				46C25B10239C377400CEB580 /* AboutMeVC.swift */,
				463BBD59239FE1D7005F5934 /* NavigationVC.swift */,
				463BBD5C239FE1D7005F5934 /* IntroVC.swift */,
				463BBD5D239FE1D7005F5934 /* PlayersVC.swift */,
				463BBD5A239FE1D7005F5934 /* AnsweredQuestionPreviewVC.swift */,
			);
			path = Scenes;
			sourceTree = "<group>";
		};
		468C27D2225684E900898202 /* Extensions */ = {
			isa = PBXGroup;
			children = (
				463BBD2C239FE052005F5934 /* Array.swift */,
				463BBD2A239FE052005F5934 /* Int.swift */,
				463BBD2B239FE052005F5934 /* Notification.swift */,
				463BBD69239FE276005F5934 /* NSLocalizedString.swift */,
				463BBD26239FE052005F5934 /* UIBarButtonItem.swift */,
				463BBD23239FE052005F5934 /* UIButton.swift */,
				463BBD2E239FE052005F5934 /* UIColor.swift */,
				463BBD27239FE052005F5934 /* UIFont.swift */,
				463BBD25239FE052005F5934 /* UIImage.swift */,
				463BBD2D239FE052005F5934 /* UIImageView.swift */,
				463BBD24239FE052005F5934 /* UINavigationBar.swift */,
				463BBD55239FE151005F5934 /* UIStoryboardSegue.swift */,
				463BBD29239FE052005F5934 /* UIView.swift */,
				463BBD28239FE052005F5934 /* UIViewController.swift */,
			);
			path = Extensions;
			sourceTree = "<group>";
		};
		46A5F9EF288700280024D082 /* Configs */ = {
			isa = PBXGroup;
			children = (
				46A5F9F3288708070024D082 /* DefaultConfig.json */,
			);
			path = Configs;
			sourceTree = "<group>";
		};
		46A5F9F02887018D0024D082 /* Configs */ = {
			isa = PBXGroup;
			children = (
				46A5F9ED288700100024D082 /* GameConfigs.swift */,
				46A5F9F12887019A0024D082 /* AppConfigs.swift */,
			);
			path = Configs;
			sourceTree = "<group>";
		};
		46B09A322888806E00B1D45E /* Intro */ = {
			isa = PBXGroup;
			children = (
				46B09A35288881B800B1D45E /* IntroFactory.swift */,
				46B09A3B288883B800B1D45E /* IntroPresenter.swift */,
				46B09A372888821100B1D45E /* IntroInteractor.swift */,
				46B09A33288880DD00B1D45E /* IntroView.swift */,
				46B09A3D288896E200B1D45E /* IntroViewTokens.swift */,
				46B09A392888828D00B1D45E /* IntroViewController.swift */,
			);
			path = Intro;
			sourceTree = "<group>";
		};
		46BB9F24226E9074004274BD /* Fonts */ = {
			isa = PBXGroup;
			children = (
				468619D1229708430077CE70 /* ExtraBold.ttf */,
				468619CE229708430077CE70 /* Bold.ttf */,
				468619CD229708420077CE70 /* SemiBold.ttf */,
				468619D2229708430077CE70 /* Heavy.ttf */,
				468619D0229708430077CE70 /* Medium.ttf */,
				468619D4229708430077CE70 /* Regular.ttf */,
				468619CF229708430077CE70 /* Light.ttf */,
				468619D3229708430077CE70 /* ExtraLight.ttf */,
				468619D5229708430077CE70 /* Thin.ttf */,
			);
			path = Fonts;
			sourceTree = "<group>";
		};
		46BC7F21224A80DF00288AC9 = {
			isa = PBXGroup;
			children = (
				46BC7F2C224A80E000288AC9 /* Millenials */,
				46BC7F2B224A80E000288AC9 /* Products */,
				46C1A37122A5F92700CBE40B /* Frameworks */,
			);
			sourceTree = "<group>";
		};
		46BC7F2B224A80E000288AC9 /* Products */ = {
			isa = PBXGroup;
			children = (
				46BC7F2A224A80E000288AC9 /* Millenials.app */,
			);
			name = Products;
			sourceTree = "<group>";
		};
		46BC7F2C224A80E000288AC9 /* Millenials */ = {
			isa = PBXGroup;
			children = (
				460B36572287BA6400FD7965 /* MillenialsDelegate.swift */,
				46DAA35823C8896C005319D9 /* Animators */,
				463BBD18239FDF1E005F5934 /* Support Files */,
				46301958238C5971009971D6 /* Localization */,
				4615D3362295933D00548EE2 /* Segues */,
				468C27D2225684E900898202 /* Extensions */,
				468C27CF225684D000898202 /* Scenes */,
				46414679224D585D00E0B0B0 /* Objects */,
				466B5B5F2263ADCE009D21C8 /* Custom Views */,
				4619934F22A46A7700B73136 /* Assets */,
			);
			path = Millenials;
			sourceTree = "<group>";
		};
		46BEAEA62886DEB000305798 /* Question */ = {
			isa = PBXGroup;
			children = (
				463BBD3C239FE0B0005F5934 /* QuestionData.swift */,
				463BBD3D239FE0B0005F5934 /* Question.swift */,
				46BEAEA72886DEFF00305798 /* AnsweredQuestion.swift */,
			);
			path = Question;
			sourceTree = "<group>";
		};
		46C1A37122A5F92700CBE40B /* Frameworks */ = {
			isa = PBXGroup;
			children = (
				46C1A37222A5F92700CBE40B /* Python3.framework */,
			);
			name = Frameworks;
			sourceTree = "<group>";
		};
		46D7381A288849D30035BF08 /* PlayerStatsView */ = {
			isa = PBXGroup;
			children = (
				463BBD50239FE136005F5934 /* PlayerStatsView.swift */,
				46D7381B288849EF0035BF08 /* PlayerStatsViewStyle.swift */,
				46D7381D28885AF40035BF08 /* PlayerStatsAccessoryView.swift */,
			);
			path = PlayerStatsView;
			sourceTree = "<group>";
		};
		46DAA35823C8896C005319D9 /* Animators */ = {
			isa = PBXGroup;
			children = (
				46DAA35923C8897D005319D9 /* OpenAnimator.swift */,
			);
			path = Animators;
			sourceTree = "<group>";
		};
		46DE37CF22A57D5C00914493 /* End Game Views */ = {
			isa = PBXGroup;
			children = (
				468822C922A3FCFE00E971CB /* WinnerView.swift */,
				46DE37D022A57D6900914493 /* TieView.swift */,
			);
			path = "End Game Views";
			sourceTree = "<group>";
		};
		46E70BCA237AE263000E6900 /* Debug */ = {
			isa = PBXGroup;
			children = (
			);
			path = Debug;
			sourceTree = "<group>";
		};
		46FC5C672889FCBA00275539 /* PlayersSetup */ = {
			isa = PBXGroup;
			children = (
			);
			path = PlayersSetup;
			sourceTree = "<group>";
		};
		46FC5C682889FCCD00275539 /* PlayerChange */ = {
			isa = PBXGroup;
			children = (
				463BBD5E239FE1D7005F5934 /* PlayerChangeVC.swift */,
			);
			path = PlayerChange;
			sourceTree = "<group>";
		};
		46FC5C692889FCE000275539 /* Question */ = {
			isa = PBXGroup;
			children = (
				463BBD5F239FE1D7005F5934 /* QuestionVC.swift */,
			);
			path = Question;
			sourceTree = "<group>";
		};
		46FC5C6A2889FD1600275539 /* Game */ = {
			isa = PBXGroup;
			children = (
				46FC5C6D2889FD7200275539 /* GameSceneCoordinator.swift */,
				46FC5C682889FCCD00275539 /* PlayerChange */,
				46FC5C692889FCE000275539 /* Question */,
				46FC5C6C2889FD3700275539 /* PlayerReport */,
				467E7193288A1FEC00DAFD2E /* Conclusion */,
			);
			path = Game;
			sourceTree = "<group>";
		};
		46FC5C6C2889FD3700275539 /* PlayerReport */ = {
			isa = PBXGroup;
			children = (
				463BBD5B239FE1D7005F5934 /* PlayerRoundReportVC.swift */,
			);
			path = PlayerReport;
			sourceTree = "<group>";
		};
/* End PBXGroup section */

/* Begin PBXNativeTarget section */
		46BC7F29224A80E000288AC9 /* Millenials */ = {
			isa = PBXNativeTarget;
			buildConfigurationList = 46BC7F3F224A80E100288AC9 /* Build configuration list for PBXNativeTarget "Millenials" */;
			buildPhases = (
				46BC7F26224A80E000288AC9 /* Sources */,
				46BC7F27224A80E000288AC9 /* Frameworks */,
				46BC7F28224A80E000288AC9 /* Resources */,
				463874102418491A0087B9F1 /* Embed Watch Content */,
			);
			buildRules = (
			);
			dependencies = (
			);
			name = Millenials;
			productName = Millenials;
			productReference = 46BC7F2A224A80E000288AC9 /* Millenials.app */;
			productType = "com.apple.product-type.application";
		};
/* End PBXNativeTarget section */

/* Begin PBXProject section */
		46BC7F22224A80DF00288AC9 /* Project object */ = {
			isa = PBXProject;
			attributes = {
				LastSwiftUpdateCheck = 1140;
				LastUpgradeCheck = 1020;
				ORGANIZATIONNAME = "Ronaldo Santana";
				TargetAttributes = {
					46BC7F29224A80E000288AC9 = {
						CreatedOnToolsVersion = 10.2;
					};
				};
			};
			buildConfigurationList = 46BC7F25224A80DF00288AC9 /* Build configuration list for PBXProject "Millenials" */;
			compatibilityVersion = "Xcode 9.3";
			developmentRegion = en;
			hasScannedForEncodings = 0;
			knownRegions = (
				en,
				Base,
				"pt-BR",
				"pt-PT",
				"en-GB",
				"en-AU",
				"en-IN",
				es,
			);
			mainGroup = 46BC7F21224A80DF00288AC9;
			productRefGroup = 46BC7F2B224A80E000288AC9 /* Products */;
			projectDirPath = "";
			projectRoot = "";
			targets = (
				46BC7F29224A80E000288AC9 /* Millenials */,
			);
		};
/* End PBXProject section */

/* Begin PBXResourcesBuildPhase section */
		46BC7F28224A80E000288AC9 /* Resources */ = {
			isa = PBXResourcesBuildPhase;
			buildActionMask = 2147483647;
			files = (
				46DE37D322A5846700914493 /* noAnswer.mp3 in Resources */,
				468619D6229709930077CE70 /* ExtraBold.ttf in Resources */,
				468619D7229709930077CE70 /* Bold.ttf in Resources */,
				468619D8229709930077CE70 /* SemiBold.ttf in Resources */,
				468619D9229709930077CE70 /* Heavy.ttf in Resources */,
				46301965238C6276009971D6 /* InfoPlist.strings in Resources */,
				463BBD17239FDEB1005F5934 /* Main.storyboard in Resources */,
				468619DA229709930077CE70 /* Medium.ttf in Resources */,
				468619DB229709930077CE70 /* Regular.ttf in Resources */,
				468619DC229709930077CE70 /* Light.ttf in Resources */,
				463BBD11239FDDF9005F5934 /* LaunchScreen.storyboard in Resources */,
				468619DD229709930077CE70 /* ExtraLight.ttf in Resources */,
				46A5F9F4288708070024D082 /* DefaultConfig.json in Resources */,
				468619DE229709930077CE70 /* Thin.ttf in Resources */,
				4619934A22A462F600B73136 /* correct.mp3 in Resources */,
				4630195B238C5999009971D6 /* Localizable.strings in Resources */,
				4619934C22A462FB00B73136 /* wrong.mp3 in Resources */,
				463BBD0D239FDDB1005F5934 /* Assets.xcassets in Resources */,
				467C01A82886F7DC00D38F7B /* DefaultQuestions.json in Resources */,
			);
			runOnlyForDeploymentPostprocessing = 0;
		};
/* End PBXResourcesBuildPhase section */

/* Begin PBXSourcesBuildPhase section */
		46BC7F26224A80E000288AC9 /* Sources */ = {
			isa = PBXSourcesBuildPhase;
			buildActionMask = 2147483647;
			files = (
				463BBD32239FE052005F5934 /* UIBarButtonItem.swift in Sources */,
				463BBD51239FE137005F5934 /* PlayerView.swift in Sources */,
				463BBD35239FE052005F5934 /* UIView.swift in Sources */,
				463BBD3F239FE0B0005F5934 /* Millenials.swift in Sources */,
				463BBD65239FE1D7005F5934 /* PlayersVC.swift in Sources */,
				463BBD42239FE0B0005F5934 /* Player.swift in Sources */,
				463BBD1A239FDFFB005F5934 /* AddedPointsView.swift in Sources */,
				463BBD62239FE1D7005F5934 /* AnsweredQuestionPreviewVC.swift in Sources */,
				460DEDC622A03B9C0011E248 /* Alert.swift in Sources */,
				463BBD31239FE052005F5934 /* UIImage.swift in Sources */,
				463BBD38239FE052005F5934 /* Array.swift in Sources */,
				46B09A34288880DD00B1D45E /* IntroView.swift in Sources */,
				460DEDC822A03BBC0011E248 /* ActionSheet.swift in Sources */,
				463BBD6A239FE276005F5934 /* NSLocalizedString.swift in Sources */,
				4619935222A46D4100B73136 /* NotificationProtocol.swift in Sources */,
				46B09A3E288896E200B1D45E /* IntroViewTokens.swift in Sources */,
				463BBD58239FE19E005F5934 /* MillenialsResults.swift in Sources */,
				463BBD64239FE1D7005F5934 /* IntroVC.swift in Sources */,
				463BBD34239FE052005F5934 /* UIViewController.swift in Sources */,
				463BBD45239FE0BF005F5934 /* DeviceType.swift in Sources */,
				46B09A3C288883B800B1D45E /* IntroPresenter.swift in Sources */,
				46FC5C6628899F4900275539 /* Watcher.swift in Sources */,
				463BBD67239FE1D7005F5934 /* QuestionVC.swift in Sources */,
				460B36582287BA6400FD7965 /* MillenialsDelegate.swift in Sources */,
				463BBD20239FE009005F5934 /* FlatTextField.swift in Sources */,
				463BBD46239FE0BF005F5934 /* DisplayTheme.swift in Sources */,
				463BBD4E239FE0D5005F5934 /* ProfilePicture.swift in Sources */,
				463BBD66239FE1D7005F5934 /* PlayerChangeVC.swift in Sources */,
				463BBD4C239FE0D0005F5934 /* MillenialsTester.swift in Sources */,
				468C20112434924A00C11805 /* WatchHandler.swift in Sources */,
				46965997239C4C7D003F38FD /* OrientationManager.swift in Sources */,
				463BBD68239FE1D7005F5934 /* ConclusionVC.swift in Sources */,
				46C25B11239C377400CEB580 /* AboutMeVC.swift in Sources */,
				46FC5C6E2889FD7200275539 /* GameSceneCoordinator.swift in Sources */,
				463BBD33239FE052005F5934 /* UIFont.swift in Sources */,
				46B09A36288881B800B1D45E /* IntroFactory.swift in Sources */,
				46E3FF59229986160044A7EB /* LastQuestionSegue.swift in Sources */,
				463BBD1E239FE009005F5934 /* QuestionReportCell.swift in Sources */,
				463BBD63239FE1D7005F5934 /* PlayerRoundReportVC.swift in Sources */,
				463BBD41239FE0B0005F5934 /* Question.swift in Sources */,
				46DE37D122A57D6900914493 /* TieView.swift in Sources */,
				463BBD56239FE151005F5934 /* UIStoryboardSegue.swift in Sources */,
				46D7381C288849EF0035BF08 /* PlayerStatsViewStyle.swift in Sources */,
				463BBD1F239FE009005F5934 /* PlayerSetupView.swift in Sources */,
				463BBD30239FE052005F5934 /* UINavigationBar.swift in Sources */,
				46B09A382888821100B1D45E /* IntroInteractor.swift in Sources */,
				463BBD39239FE052005F5934 /* UIImageView.swift in Sources */,
				463BBD4B239FE0D0005F5934 /* Name.swift in Sources */,
				46A5F9EE288700100024D082 /* GameConfigs.swift in Sources */,
				4615D3382295936200548EE2 /* OpenSegue.swift in Sources */,
				463BBD40239FE0B0005F5934 /* QuestionData.swift in Sources */,
				46D7381E28885AF40035BF08 /* PlayerStatsAccessoryView.swift in Sources */,
				46FD19212378AE7C00AE848B /* QuestionSegue.swift in Sources */,
				463BBD2F239FE052005F5934 /* UIButton.swift in Sources */,
				468822CA22A3FCFE00E971CB /* WinnerView.swift in Sources */,
				463BBD54239FE141005F5934 /* AudioFeedback.swift in Sources */,
				46905E87229AD363006D0E0C /* PlayerSegue.swift in Sources */,
				463BBD22239FE015005F5934 /* BarTimer.swift in Sources */,
				46BEAEA82886DEFF00305798 /* AnsweredQuestion.swift in Sources */,
				463BBD61239FE1D7005F5934 /* NavigationVC.swift in Sources */,
				463BBD52239FE137005F5934 /* PlayerStatsView.swift in Sources */,
				46DAA35A23C8897D005319D9 /* OpenAnimator.swift in Sources */,
				463BBD3A239FE052005F5934 /* UIColor.swift in Sources */,
				463BBD36239FE052005F5934 /* Int.swift in Sources */,
				46A5F9F22887019A0024D082 /* AppConfigs.swift in Sources */,
				463BBD37239FE052005F5934 /* Notification.swift in Sources */,
				463BBD4A239FE0D0005F5934 /* HapticFeedback.swift in Sources */,
				46B09A3A2888828D00B1D45E /* IntroViewController.swift in Sources */,
			);
			runOnlyForDeploymentPostprocessing = 0;
		};
/* End PBXSourcesBuildPhase section */

/* Begin PBXVariantGroup section */
		4630195D238C5999009971D6 /* Localizable.strings */ = {
			isa = PBXVariantGroup;
			children = (
				4630195C238C5999009971D6 /* pt-BR */,
				46301960238C59B3009971D6 /* en */,
				46C4A2FB238D0B8100AEBF14 /* pt-PT */,
				46C4A2FF238D0B9D00AEBF14 /* en-GB */,
				46C4A303238D0BA200AEBF14 /* en-AU */,
				46C4A307238D0BA700AEBF14 /* en-IN */,
				46C4A30B238D0BCC00AEBF14 /* es */,
			);
			name = Localizable.strings;
			sourceTree = "<group>";
		};
		46301967238C6276009971D6 /* InfoPlist.strings */ = {
			isa = PBXVariantGroup;
			children = (
				46301966238C6276009971D6 /* en */,
				46301968238C6277009971D6 /* pt-BR */,
				46C4A2FC238D0B8100AEBF14 /* pt-PT */,
				46C4A300238D0B9D00AEBF14 /* en-GB */,
				46C4A304238D0BA200AEBF14 /* en-AU */,
				46C4A308238D0BA700AEBF14 /* en-IN */,
				46C4A30C238D0BCD00AEBF14 /* es */,
			);
			name = InfoPlist.strings;
			sourceTree = "<group>";
		};
/* End PBXVariantGroup section */

/* Begin XCBuildConfiguration section */
		46BC7F3D224A80E100288AC9 /* Debug */ = {
			isa = XCBuildConfiguration;
			buildSettings = {
				ALWAYS_SEARCH_USER_PATHS = NO;
				CLANG_ANALYZER_LOCALIZABILITY_NONLOCALIZED = YES;
				CLANG_ANALYZER_NONNULL = YES;
				CLANG_ANALYZER_NUMBER_OBJECT_CONVERSION = YES_AGGRESSIVE;
				CLANG_CXX_LANGUAGE_STANDARD = "gnu++14";
				CLANG_CXX_LIBRARY = "libc++";
				CLANG_ENABLE_MODULES = YES;
				CLANG_ENABLE_OBJC_ARC = YES;
				CLANG_ENABLE_OBJC_WEAK = YES;
				CLANG_WARN_BLOCK_CAPTURE_AUTORELEASING = YES;
				CLANG_WARN_BOOL_CONVERSION = YES;
				CLANG_WARN_COMMA = YES;
				CLANG_WARN_CONSTANT_CONVERSION = YES;
				CLANG_WARN_DEPRECATED_OBJC_IMPLEMENTATIONS = YES;
				CLANG_WARN_DIRECT_OBJC_ISA_USAGE = YES_ERROR;
				CLANG_WARN_DOCUMENTATION_COMMENTS = YES;
				CLANG_WARN_EMPTY_BODY = YES;
				CLANG_WARN_ENUM_CONVERSION = YES;
				CLANG_WARN_INFINITE_RECURSION = YES;
				CLANG_WARN_INT_CONVERSION = YES;
				CLANG_WARN_NON_LITERAL_NULL_CONVERSION = YES;
				CLANG_WARN_OBJC_IMPLICIT_RETAIN_SELF = YES;
				CLANG_WARN_OBJC_LITERAL_CONVERSION = YES;
				CLANG_WARN_OBJC_ROOT_CLASS = YES_ERROR;
				CLANG_WARN_RANGE_LOOP_ANALYSIS = YES;
				CLANG_WARN_STRICT_PROTOTYPES = YES;
				CLANG_WARN_SUSPICIOUS_MOVE = YES;
				CLANG_WARN_UNGUARDED_AVAILABILITY = YES_AGGRESSIVE;
				CLANG_WARN_UNREACHABLE_CODE = YES;
				CLANG_WARN__DUPLICATE_METHOD_MATCH = YES;
				CODE_SIGN_IDENTITY = "Ad Hoc Code Sign";
				COPY_PHASE_STRIP = NO;
				DEBUG_INFORMATION_FORMAT = dwarf;
				ENABLE_STRICT_OBJC_MSGSEND = YES;
				ENABLE_TESTABILITY = YES;
				GCC_C_LANGUAGE_STANDARD = gnu11;
				GCC_DYNAMIC_NO_PIC = NO;
				GCC_NO_COMMON_BLOCKS = YES;
				GCC_OPTIMIZATION_LEVEL = 0;
				GCC_PREPROCESSOR_DEFINITIONS = (
					"DEBUG=1",
					"$(inherited)",
				);
				GCC_WARN_64_TO_32_BIT_CONVERSION = YES;
				GCC_WARN_ABOUT_RETURN_TYPE = YES_ERROR;
				GCC_WARN_UNDECLARED_SELECTOR = YES;
				GCC_WARN_UNINITIALIZED_AUTOS = YES_AGGRESSIVE;
				GCC_WARN_UNUSED_FUNCTION = YES;
				GCC_WARN_UNUSED_VARIABLE = YES;
				IPHONEOS_DEPLOYMENT_TARGET = 13.2;
				MTL_ENABLE_DEBUG_INFO = INCLUDE_SOURCE;
				MTL_FAST_MATH = YES;
				ONLY_ACTIVE_ARCH = YES;
				SDKROOT = iphoneos;
				SWIFT_ACTIVE_COMPILATION_CONDITIONS = DEBUG;
				SWIFT_OPTIMIZATION_LEVEL = "-Onone";
			};
			name = Debug;
		};
		46BC7F3E224A80E100288AC9 /* Release */ = {
			isa = XCBuildConfiguration;
			buildSettings = {
				ALWAYS_SEARCH_USER_PATHS = NO;
				CLANG_ANALYZER_LOCALIZABILITY_NONLOCALIZED = YES;
				CLANG_ANALYZER_NONNULL = YES;
				CLANG_ANALYZER_NUMBER_OBJECT_CONVERSION = YES_AGGRESSIVE;
				CLANG_CXX_LANGUAGE_STANDARD = "gnu++14";
				CLANG_CXX_LIBRARY = "libc++";
				CLANG_ENABLE_MODULES = YES;
				CLANG_ENABLE_OBJC_ARC = YES;
				CLANG_ENABLE_OBJC_WEAK = YES;
				CLANG_WARN_BLOCK_CAPTURE_AUTORELEASING = YES;
				CLANG_WARN_BOOL_CONVERSION = YES;
				CLANG_WARN_COMMA = YES;
				CLANG_WARN_CONSTANT_CONVERSION = YES;
				CLANG_WARN_DEPRECATED_OBJC_IMPLEMENTATIONS = YES;
				CLANG_WARN_DIRECT_OBJC_ISA_USAGE = YES_ERROR;
				CLANG_WARN_DOCUMENTATION_COMMENTS = YES;
				CLANG_WARN_EMPTY_BODY = YES;
				CLANG_WARN_ENUM_CONVERSION = YES;
				CLANG_WARN_INFINITE_RECURSION = YES;
				CLANG_WARN_INT_CONVERSION = YES;
				CLANG_WARN_NON_LITERAL_NULL_CONVERSION = YES;
				CLANG_WARN_OBJC_IMPLICIT_RETAIN_SELF = YES;
				CLANG_WARN_OBJC_LITERAL_CONVERSION = YES;
				CLANG_WARN_OBJC_ROOT_CLASS = YES_ERROR;
				CLANG_WARN_RANGE_LOOP_ANALYSIS = YES;
				CLANG_WARN_STRICT_PROTOTYPES = YES;
				CLANG_WARN_SUSPICIOUS_MOVE = YES;
				CLANG_WARN_UNGUARDED_AVAILABILITY = YES_AGGRESSIVE;
				CLANG_WARN_UNREACHABLE_CODE = YES;
				CLANG_WARN__DUPLICATE_METHOD_MATCH = YES;
				CODE_SIGN_IDENTITY = "Ad Hoc Code Sign";
				COPY_PHASE_STRIP = NO;
				DEBUG_INFORMATION_FORMAT = "dwarf-with-dsym";
				ENABLE_NS_ASSERTIONS = NO;
				ENABLE_STRICT_OBJC_MSGSEND = YES;
				GCC_C_LANGUAGE_STANDARD = gnu11;
				GCC_NO_COMMON_BLOCKS = YES;
				GCC_WARN_64_TO_32_BIT_CONVERSION = YES;
				GCC_WARN_ABOUT_RETURN_TYPE = YES_ERROR;
				GCC_WARN_UNDECLARED_SELECTOR = YES;
				GCC_WARN_UNINITIALIZED_AUTOS = YES_AGGRESSIVE;
				GCC_WARN_UNUSED_FUNCTION = YES;
				GCC_WARN_UNUSED_VARIABLE = YES;
				IPHONEOS_DEPLOYMENT_TARGET = 9.0;
				MTL_ENABLE_DEBUG_INFO = NO;
				MTL_FAST_MATH = YES;
				SDKROOT = iphoneos;
				SWIFT_COMPILATION_MODE = wholemodule;
				SWIFT_OPTIMIZATION_LEVEL = "-O";
				VALIDATE_PRODUCT = YES;
			};
			name = Release;
		};
		46BC7F40224A80E100288AC9 /* Debug */ = {
			isa = XCBuildConfiguration;
			buildSettings = {
				ASSETCATALOG_COMPILER_APPICON_NAME = AppIcon;
				CODE_SIGN_ENTITLEMENTS = Millenials/Millenials.entitlements;
				CODE_SIGN_IDENTITY = "iPhone Developer";
				"CODE_SIGN_IDENTITY[sdk=macosx*]" = "-";
				CODE_SIGN_STYLE = Automatic;
				CURRENT_PROJECT_VERSION = 3;
				DERIVE_MACCATALYST_PRODUCT_BUNDLE_IDENTIFIER = YES;
				DEVELOPMENT_TEAM = S2B2XZHU49;
				"ENABLE_HARDENED_RUNTIME[sdk=macosx*]" = YES;
				INFOPLIST_FILE = "$(SRCROOT)/Info.plist";
				IPHONEOS_DEPLOYMENT_TARGET = 9.0;
				LD_RUNPATH_SEARCH_PATHS = (
					"$(inherited)",
					"@executable_path/Frameworks",
				);
				MARKETING_VERSION = 1.1.0;
				OTHER_SWIFT_FLAGS = "";
				PRODUCT_BUNDLE_IDENTIFIER = com.ronaldss.Millenialsss;
				PRODUCT_NAME = "$(TARGET_NAME)";
				PROVISIONING_PROFILE_SPECIFIER = "";
				SUPPORTS_MACCATALYST = YES;
				SWIFT_VERSION = 5.0;
				TARGETED_DEVICE_FAMILY = "1,2";
			};
			name = Debug;
		};
		46BC7F41224A80E100288AC9 /* Release */ = {
			isa = XCBuildConfiguration;
			buildSettings = {
				ASSETCATALOG_COMPILER_APPICON_NAME = AppIcon;
				CODE_SIGN_ENTITLEMENTS = Millenials/Millenials.entitlements;
				CODE_SIGN_IDENTITY = "iPhone Developer";
				"CODE_SIGN_IDENTITY[sdk=macosx*]" = "-";
				CODE_SIGN_STYLE = Automatic;
				CURRENT_PROJECT_VERSION = 3;
				DERIVE_MACCATALYST_PRODUCT_BUNDLE_IDENTIFIER = YES;
				DEVELOPMENT_TEAM = S2B2XZHU49;
				"ENABLE_HARDENED_RUNTIME[sdk=macosx*]" = YES;
				INFOPLIST_FILE = "$(SRCROOT)/Info.plist";
				IPHONEOS_DEPLOYMENT_TARGET = 9.0;
				LD_RUNPATH_SEARCH_PATHS = (
					"$(inherited)",
					"@executable_path/Frameworks",
				);
				MARKETING_VERSION = 1.1.0;
				PRODUCT_BUNDLE_IDENTIFIER = com.ronaldss.Millenialsss;
				PRODUCT_NAME = "$(TARGET_NAME)";
				PROVISIONING_PROFILE_SPECIFIER = "";
				SUPPORTS_MACCATALYST = YES;
				SWIFT_VERSION = 5.0;
				TARGETED_DEVICE_FAMILY = "1,2";
			};
			name = Release;
		};
/* End XCBuildConfiguration section */

/* Begin XCConfigurationList section */
		46BC7F25224A80DF00288AC9 /* Build configuration list for PBXProject "Millenials" */ = {
			isa = XCConfigurationList;
			buildConfigurations = (
				46BC7F3D224A80E100288AC9 /* Debug */,
				46BC7F3E224A80E100288AC9 /* Release */,
			);
			defaultConfigurationIsVisible = 0;
			defaultConfigurationName = Release;
		};
		46BC7F3F224A80E100288AC9 /* Build configuration list for PBXNativeTarget "Millenials" */ = {
			isa = XCConfigurationList;
			buildConfigurations = (
				46BC7F40224A80E100288AC9 /* Debug */,
				46BC7F41224A80E100288AC9 /* Release */,
			);
			defaultConfigurationIsVisible = 0;
			defaultConfigurationName = Release;
		};
/* End XCConfigurationList section */
	};
	rootObject = 46BC7F22224A80DF00288AC9 /* Project object */;
}
